# This file is automatically @generated by Poetry 1.5.0 and should not be changed by hand.

[[package]]
name = "pypdf"
version = "3.9.0"
description = "A pure-python PDF library capable of splitting, merging, cropping, and transforming PDF files"
optional = false
python-versions = ">=3.6"
files = [
    {file = "pypdf-3.9.0-py3-none-any.whl", hash = "sha256:a2a0859483687deb01c29180587a5028bc3595402001107c870085a1976131e3"},
    {file = "pypdf-3.9.0.tar.gz", hash = "sha256:06136b9ed99525159482a1397a49f3fc0fd55ffd700d1ad4393e3f42d192a035"},
]

[package.dependencies]
typing_extensions = {version = ">=3.10.0.0", markers = "python_version < \"3.10\""}

[package.extras]
crypto = ["PyCryptodome"]
dev = ["black", "flit", "pip-tools", "pre-commit (<2.18.0)", "pytest-cov", "wheel"]
docs = ["myst_parser", "sphinx", "sphinx_rtd_theme"]
full = ["Pillow", "PyCryptodome"]
image = ["Pillow"]

[[package]]
name = "typing-extensions"
version = "4.6.2"
description = "Backported and Experimental Type Hints for Python 3.7+"
optional = false
python-versions = ">=3.7"
files = [
    {file = "typing_extensions-4.6.2-py3-none-any.whl", hash = "sha256:3a8b36f13dd5fdc5d1b16fe317f5668545de77fa0b8e02006381fd49d731ab98"},
    {file = "typing_extensions-4.6.2.tar.gz", hash = "sha256:06006244c70ac8ee83fa8282cb188f697b8db25bc8b4df07be1873c43897060c"},
]

[metadata]
lock-version = "2.0"
python-versions = "^3.8"
content-hash = "30d02d2b30889be1ba59debed07659d4a82f33253a7c9d4ec0ac1273c58254de"
